# THIS IS AN AUTOGENERATED FILE. DO NOT EDIT THIS FILE DIRECTLY.
# yarn lockfile v1


"@acemir/cssom@^0.9.28":
  version "0.9.31"
  resolved "https://registry.yarnpkg.com/@acemir/cssom/-/cssom-0.9.31.tgz#bd5337d290fb8be2ac18391f37386bc53778b0bc"
  integrity sha512-ZnR3GSaH+/vJ0YlHau21FjfLYjMpYVIzTD8M8vIEQvIGxeOXyXdzCI140rrCY862p/C/BbzWsjc1dgnM9mkoTA==

"@asamuzakjp/css-color@^4.1.1":
  version "4.1.2"
  resolved "https://registry.yarnpkg.com/@asamuzakjp/css-color/-/css-color-4.1.2.tgz#1123e18b3652ff88fbdd90d61f2e2e44dd8ba28f"
  integrity sha512-NfBUvBaYgKIuq6E/RBLY1m0IohzNHAYyaJGuTK79Z23uNwmz2jl1mPsC5ZxCCxylinKhT1Amn5oNTlx1wN8cQg==
  dependencies:
    "@csstools/css-calc" "^3.0.0"
    "@csstools/css-color-parser" "^4.0.1"
    "@csstools/css-parser-algorithms" "^4.0.0"
    "@csstools/css-tokenizer" "^4.0.0"
    lru-cache "^11.2.5"

"@asamuzakjp/dom-selector@^6.7.6":
  version "6.8.1"
  resolved "https://registry.yarnpkg.com/@asamuzakjp/dom-selector/-/dom-selector-6.8.1.tgz#39b20993672b106f7cd9a3a9a465212e87e0bfd1"
  integrity sha512-MvRz1nCqW0fsy8Qz4dnLIvhOlMzqDVBabZx6lH+YywFDdjXhMY37SmpV1XFX3JzG5GWHn63j6HX6QPr3lZXHvQ==
  dependencies:
    "@asamuzakjp/nwsapi" "^2.3.9"
    bidi-js "^1.0.3"
    css-tree "^3.1.0"
    is-potential-custom-element-name "^1.0.1"
    lru-cache "^11.2.6"

"@asamuzakjp/nwsapi@^2.3.9":
  version "2.3.9"
  resolved "https://registry.yarnpkg.com/@asamuzakjp/nwsapi/-/nwsapi-2.3.9.tgz#ad5549322dfe9d153d4b4dd6f7ff2ae234b06e24"
  integrity sha512-n8GuYSrI9bF7FFZ/SjhwevlHc8xaVlb/7HmHelnc/PZXBD2ZR49NnN9sMMuDdEGPeeRQ5d0hqlSlEpgCX3Wl0Q==

"@csstools/color-helpers@^6.0.2":
  version "6.0.2"
  resolved "https://registry.yarnpkg.com/@csstools/color-helpers/-/color-helpers-6.0.2.tgz#82c59fd30649cf0b4d3c82160489748666e6550b"
  integrity sha512-LMGQLS9EuADloEFkcTBR3BwV/CGHV7zyDxVRtVDTwdI2Ca4it0CCVTT9wCkxSgokjE5Ho41hEPgb8OEUwoXr6Q==

"@csstools/css-calc@^3.0.0", "@csstools/css-calc@^3.2.0":
  version "3.2.0"
  resolved "https://registry.yarnpkg.com/@csstools/css-calc/-/css-calc-3.2.0.tgz#15ca1a80a026ced0f6c4e12124c398e3db8e1617"
  integrity sha512-bR9e6o2BDB12jzN/gIbjHa5wLJ4UjD1CB9pM7ehlc0ddk6EBz+yYS1EV2MF55/HUxrHcB/hehAyt5vhsA3hx7w==

"@csstools/css-color-parser@^4.0.1":
  version "4.1.0"
  resolved "https://registry.yarnpkg.com/@csstools/css-color-parser/-/css-color-parser-4.1.0.tgz#1d64ea09c548d3ed331648ea0b831e16b80c891c"
  integrity sha512-U0KhLYmy2GVj6q4T3WaAe6NPuFYCPQoE3b0dRGxejWDgcPp8TP7S5rVdM5ZrFaqu4N67X8YaPBw14dQSYx3IyQ==
  dependencies:
    "@csstools/color-helpers" "^6.0.2"
    "@csstools/css-calc" "^3.2.0"

"@csstools/css-parser-algorithms@^4.0.0":
  version "4.0.0"
  resolved "https://registry.yarnpkg.com/@csstools/css-parser-algorithms/-/css-parser-algorithms-4.0.0.tgz#e1c65dc09378b42f26a111fca7f7075fc2c26164"
  integrity sha512-+B87qS7fIG3L5h3qwJ/IFbjoVoOe/bpOdh9hAjXbvx0o8ImEmUsGXN0inFOnk2ChCFgqkkGFQ+TpM5rbhkKe4w==

"@csstools/css-syntax-patches-for-csstree@^1.0.21":
  version "1.1.3"
  resolved "https://registry.yarnpkg.com/@csstools/css-syntax-patches-for-csstree/-/css-syntax-patches-for-csstree-1.1.3.tgz#3204cf40deb97db83e225b0baa9e37d9c3bd344d"
  integrity sha512-SH60bMfrRCJF3morcdk57WklujF4Jr/EsQUzqkarfHXEFcAR1gg7fS/chAE922Sehgzc1/+Tz5H3Ypa1HiEKrg==

"@csstools/css-tokenizer@^4.0.0":
  version "4.0.0"
  resolved "https://registry.yarnpkg.com/@csstools/css-tokenizer/-/css-tokenizer-4.0.0.tgz#798a33950d11226a0ebb6acafa60f5594424967f"
  integrity sha512-QxULHAm7cNu72w97JUNCBFODFaXpbDg+dP8b/oWFAZ2MTRppA3U00Y2L1HqaS4J6yBqxwa/Y3nMBaxVKbB/NsA==

"@exodus/bytes@^1.6.0":
  version "1.15.0"
  resolved "https://registry.yarnpkg.com/@exodus/bytes/-/bytes-1.15.0.tgz#54479e0f406cbad024d6fe1c3190ecca4468df3b"
  integrity sha512-UY0nlA+feH81UGSHv92sLEPLCeZFjXOuHhrIo0HQydScuQc8s0A7kL/UdgwgDq8g8ilksmuoF35YVTNphV2aBQ==

"@types/jsdom@^27.0.0":
  version "27.0.0"
  resolved "https://registry.yarnpkg.com/@types/jsdom/-/jsdom-27.0.0.tgz#b052f414edd10a316a006cde8991a4266fe22038"
  integrity sha512-NZyFl/PViwKzdEkQg96gtnB8wm+1ljhdDay9ahn4hgb+SfVtPCbm3TlmDUFXTA+MGN3CijicnMhG18SI5H3rFw==
  dependencies:
    "@types/node" "*"
    "@types/tough-cookie" "*"
    parse5 "^7.0.0"

"@types/node@*":
  version "25.6.0"
  resolved "https://registry.yarnpkg.com/@types/node/-/node-25.6.0.tgz#4e09bad9b469871f2d0f68140198cbd714f4edca"
  integrity sha512-+qIYRKdNYJwY3vRCZMdJbPLJAtGjQBudzZzdzwQYkEPQd+PJGixUL5QfvCLDaULoLv+RhT3LDkwEfKaAkgSmNQ==
  dependencies:
    undici-types "~7.19.0"

"@types/node@^20.19.25":
  version "20.19.39"
  resolved "https://registry.yarnpkg.com/@types/node/-/node-20.19.39.tgz#e98a3b575574070cd34b784bd173767269f95e99"
  integrity sha512-orrrD74MBUyK8jOAD/r0+lfa1I2MO6I+vAkmAWzMYbCcgrN4lCrmK52gRFQq/JRxfYPfonkr4b0jcY7Olqdqbw==
  dependencies:
    undici-types "~6.21.0"

"@types/tough-cookie@*":
  version "4.0.5"
  resolved "https://registry.yarnpkg.com/@types/tough-cookie/-/tough-cookie-4.0.5.tgz#cb6e2a691b70cb177c6e3ae9c1d2e8b2ea8cd304"
  integrity sha512-/Ad8+nIOV7Rl++6f1BdKxFSMgmoqEoYbHRpPcx3JEfv8VRsQe9Z4mCXeJBzxs7mbHY/XOZZuXlRNfhpVPbs6ZA==

agent-base@^7.1.0, agent-base@^7.1.2:
  version "7.1.4"
  resolved "https://registry.yarnpkg.com/agent-base/-/agent-base-7.1.4.tgz#e3cd76d4c548ee895d3c3fd8dc1f6c5b9032e7a8"
  integrity sha512-MnA+YT8fwfJPgBx3m60MNqakm30XOkyIoH1y6huTQvC0PwZG7ki8NacLBcrPbNoo8vEZy7Jpuk7+jMO+CUovTQ==

bidi-js@^1.0.3:
  version "1.0.3"
  resolved "https://registry.yarnpkg.com/bidi-js/-/bidi-js-1.0.3.tgz#6f8bcf3c877c4d9220ddf49b9bb6930c88f877d2"
  integrity sha512-RKshQI1R3YQ+n9YJz2QQ147P66ELpa1FQEg20Dk8oW9t2KgLbpDLLp9aGZ7y8WHSshDknG0bknqGw5/tyCs5tw==
  dependencies:
    require-from-string "^2.0.2"

css-tree@^3.1.0:
  version "3.2.1"
  resolved "https://registry.yarnpkg.com/css-tree/-/css-tree-3.2.1.tgz#86cac7011561272b30e6b1e042ba6ce047aa7518"
  integrity sha512-X7sjQzceUhu1u7Y/ylrRZFU2FS6LRiFVp6rKLPg23y3x3c3DOKAwuXGDp+PAGjh6CSnCjYeAul8pcT8bAl+lSA==
  dependencies:
    mdn-data "2.27.1"
    source-map-js "^1.2.1"

cssstyle@^5.3.4:
  version "5.3.7"
  resolved "https://registry.yarnpkg.com/cssstyle/-/cssstyle-5.3.7.tgz#2202e56abcecf97ae81dd7783fc8abc5f044305d"
  integrity sha512-7D2EPVltRrsTkhpQmksIu+LxeWAIEk6wRDMJ1qljlv+CKHJM+cJLlfhWIzNA44eAsHXSNe3+vO6DW1yCYx8SuQ==
  dependencies:
    "@asamuzakjp/css-color" "^4.1.1"
    "@csstools/css-syntax-patches-for-csstree" "^1.0.21"
    css-tree "^3.1.0"
    lru-cache "^11.2.4"

data-urls@^6.0.0:
  version "6.0.1"
  resolved "https://registry.yarnpkg.com/data-urls/-/data-urls-6.0.1.tgz#b448c8637997abe34978c9bfdb3d0a7778540184"
  integrity sha512-euIQENZg6x8mj3fO6o9+fOW8MimUI4PpD/fZBhJfeioZVy9TUpM4UY7KjQNVZFlqwJ0UdzRDzkycB997HEq1BQ==
  dependencies:
    whatwg-mimetype "^5.0.0"
    whatwg-url "^15.1.0"

debug@4, debug@^4.3.4:
  version "4.4.3"
  resolved "https://registry.yarnpkg.com/debug/-/debug-4.4.3.tgz#c6ae432d9bd9662582fce08709b038c58e9e3d6a"
  integrity sha512-RGwwWnwQvkVfavKVt22FGLw+xYSdzARwm0ru6DhTVA3umU5hZc28V3kO4stgYryrTlLpuvgI9GiijltAjNbcqA==
  dependencies:
    ms "^2.1.3"

decimal.js@^10.6.0:
  version "10.6.0"
  resolved "https://registry.yarnpkg.com/decimal.js/-/decimal.js-10.6.0.tgz#e649a43e3ab953a72192ff5983865e509f37ed9a"
  integrity sha512-YpgQiITW3JXGntzdUmyUR1V812Hn8T1YVXhCu+wO3OpS4eU9l4YdD3qjyiKdV6mvV29zapkMeD390UVEf2lkUg==

destr@^2.0.5:
  version "2.0.5"
  resolved "https://registry.yarnpkg.com/destr/-/destr-2.0.5.tgz#7d112ff1b925fb8d2079fac5bdb4a90973b51fdb"
  integrity sha512-ugFTXCtDZunbzasqBxrK93Ik/DRYsO6S/fedkWEMKqt04xZ4csmnmwGDBAb07QWNaGMAmnTIemsYZCksjATwsA==

entities@^6.0.0:
  version "6.0.1"
  resolved "https://registry.yarnpkg.com/entities/-/entities-6.0.1.tgz#c28c34a43379ca7f61d074130b2f5f7020a30694"
  integrity sha512-aN97NXWF6AWBTahfVOIrB/NShkzi5H7F9r1s9mD3cDj4Ko5f2qhhVoYMibXF7GlLveb/D2ioWay8lxI97Ven3g==

entities@^8.0.0:
  version "8.0.0"
  resolved "https://registry.yarnpkg.com/entities/-/entities-8.0.0.tgz#c1df5fe3602429747fa233d0dd26f142f0ce4743"
  integrity sha512-zwfzJecQ/Uej6tusMqwAqU/6KL2XaB2VZ2Jg54Je6ahNBGNH6Ek6g3jjNCF0fG9EWQKGZNddNjU5F1ZQn/sBnA==

html-encoding-sniffer@^6.0.0:
  version "6.0.0"
  resolved "https://registry.yarnpkg.com/html-encoding-sniffer/-/html-encoding-sniffer-6.0.0.tgz#f8d9390b3b348b50d4f61c16dd2ef5c05980a882"
  integrity sha512-CV9TW3Y3f8/wT0BRFc1/KAVQ3TUHiXmaAb6VW9vtiMFf7SLoMd1PdAc4W3KFOFETBJUb90KatHqlsZMWV+R9Gg==
  dependencies:
    "@exodus/bytes" "^1.6.0"

http-proxy-agent@^7.0.2:
  version "7.0.2"
  resolved "https://registry.yarnpkg.com/http-proxy-agent/-/http-proxy-agent-7.0.2.tgz#9a8b1f246866c028509486585f62b8f2c18c270e"
  integrity sha512-T1gkAiYYDWYx3V5Bmyu7HcfcvL7mUrTWiM6yOfa3PIphViJ/gFPbvidQ+veqSOHci/PxBcDabeUNCzpOODJZig==
  dependencies:
    agent-base "^7.1.0"
    debug "^4.3.4"

https-proxy-agent@^7.0.6:
  version "7.0.6"
  resolved "https://registry.yarnpkg.com/https-proxy-agent/-/https-proxy-agent-7.0.6.tgz#da8dfeac7da130b05c2ba4b59c9b6cd66611a6b9"
  integrity sha512-vK9P5/iUfdl95AI+JVyUuIcVtd4ofvtrOr3HNtM2yxC9bnMbEdp3x01OhQNnjb8IJYi38VlTE3mBXwcfvywuSw==
  dependencies:
    agent-base "^7.1.2"
    debug "4"

is-potential-custom-element-name@^1.0.1:
  version "1.0.1"
  resolved "https://registry.yarnpkg.com/is-potential-custom-element-name/-/is-potential-custom-element-name-1.0.1.tgz#171ed6f19e3ac554394edf78caa05784a45bebb5"
  integrity sha512-bCYeRA2rVibKZd+s2625gGnGF/t7DSqDs4dP7CrLA1m7jKWz6pps0LpYLJN8Q64HtmPKJ1hrN3nzPNKFEKOUiQ==

jsdom@^27.2.0:
  version "27.4.0"
  resolved "https://registry.yarnpkg.com/jsdom/-/jsdom-27.4.0.tgz#c36af2e43e1281a7e8bb8f255086435d177801f2"
  integrity sha512-mjzqwWRD9Y1J1KUi7W97Gja1bwOOM5Ug0EZ6UDK3xS7j7mndrkwozHtSblfomlzyB4NepioNt+B2sOSzczVgtQ==
  dependencies:
    "@acemir/cssom" "^0.9.28"
    "@asamuzakjp/dom-selector" "^6.7.6"
    "@exodus/bytes" "^1.6.0"
    cssstyle "^5.3.4"
    data-urls "^6.0.0"
    decimal.js "^10.6.0"
    html-encoding-sniffer "^6.0.0"
    http-proxy-agent "^7.0.2"
    https-proxy-agent "^7.0.6"
    is-potential-custom-element-name "^1.0.1"
    parse5 "^8.0.0"
    saxes "^6.0.0"
    symbol-tree "^3.2.4"
    tough-cookie "^6.0.0"
    w3c-xmlserializer "^5.0.0"
    webidl-conversions "^8.0.0"
    whatwg-mimetype "^4.0.0"
    whatwg-url "^15.1.0"
    ws "^8.18.3"
    xml-name-validator "^5.0.0"

lru-cache@^11.2.4, lru-cache@^11.2.5, lru-cache@^11.2.6:
  version "11.3.6"
  resolved "https://registry.yarnpkg.com/lru-cache/-/lru-cache-11.3.6.tgz#f0306ad6e9f0a5dc25b16aeba4e8f57b7ec2df55"
  integrity sha512-Gf/KoL3C/MlI7Bt0PGI9I+TeTC/I6r/csU58N4BSNc4lppLBeKsOdFYkK+dX0ABDUMJNfCHTyPpzwwO21Awd3A==

mdn-data@2.27.1:
  version "2.27.1"
  resolved "https://registry.yarnpkg.com/mdn-data/-/mdn-data-2.27.1.tgz#e37b9c50880b75366c4d40ac63d9bbcacdb61f0e"
  integrity sha512-9Yubnt3e8A0OKwxYSXyhLymGW4sCufcLG6VdiDdUGVkPhpqLxlvP5vl1983gQjJl3tqbrM731mjaZaP68AgosQ==

ms@^2.1.3:
  version "2.1.3"
  resolved "https://registry.yarnpkg.com/ms/-/ms-2.1.3.tgz#574c8138ce1d2b5861f0b44579dbadd60c6615b2"
  integrity sha512-6FlzubTLZG3J2a/NVCAleEhjzq5oxgHyaCU9yYXvcLsvoVaHJq/s5xXI6/XXP6tz7R9xAOtHnSO/tXtF3WRTlA==

node-fetch-native@^1.6.7:
  version "1.6.7"
  resolved "https://registry.yarnpkg.com/node-fetch-native/-/node-fetch-native-1.6.7.tgz#9d09ca63066cc48423211ed4caf5d70075d76a71"
  integrity sha512-g9yhqoedzIUm0nTnTqAQvueMPVOuIY16bqgAJJC8XOOubYFNwz6IER9qs0Gq2Xd0+CecCKFjtdDTMA4u4xG06Q==

ofetch@^1.5.1:
  version "1.5.1"
  resolved "https://registry.yarnpkg.com/ofetch/-/ofetch-1.5.1.tgz#5c43cc56e03398b273014957060344254505c5c7"
  integrity sha512-2W4oUZlVaqAPAil6FUg/difl6YhqhUR7x2eZY4bQCko22UXg3hptq9KLQdqFClV+Wu85UX7hNtdGTngi/1BxcA==
  dependencies:
    destr "^2.0.5"
    node-fetch-native "^1.6.7"
    ufo "^1.6.1"

parse5@^7.0.0:
  version "7.3.0"
  resolved "https://registry.yarnpkg.com/parse5/-/parse5-7.3.0.tgz#d7e224fa72399c7a175099f45fc2ad024b05ec05"
  integrity sha512-IInvU7fabl34qmi9gY8XOVxhYyMyuH2xUNpb2q8/Y+7552KlejkRvqvD19nMoUW/uQGGbqNpA6Tufu5FL5BZgw==
  dependencies:
    entities "^6.0.0"

parse5@^8.0.0:
  version "8.0.1"
  resolved "https://registry.yarnpkg.com/parse5/-/parse5-8.0.1.tgz#f43bcd2cd683efe084075333e9ce0da7d06da31e"
  integrity sha512-z1e/HMG90obSGeidlli3hj7cbocou0/wa5HacvI3ASx34PecNjNQeaHNo5WIZpWofN9kgkqV1q5YvXe3F0FoPw==
  dependencies:
    entities "^8.0.0"

punycode@^2.3.1:
  version "2.3.1"
  resolved "https://registry.yarnpkg.com/punycode/-/punycode-2.3.1.tgz#027422e2faec0b25e1549c3e1bd8309b9133b6e5"
  integrity sha512-vYt7UD1U9Wg6138shLtLOvdAu+8DsC/ilFtEVHcH+wydcSpNE20AfSOduf6MkRFahL5FY7X1oU7nKVZFtfq8Fg==

require-from-string@^2.0.2:
  version "2.0.2"
  resolved "https://registry.yarnpkg.com/require-from-string/-/require-from-string-2.0.2.tgz#89a7fdd938261267318eafe14f9c32e598c36909"
  integrity sha512-Xf0nWe6RseziFMu+Ap9biiUbmplq6S9/p+7w7YXP/JBHhrUDDUhwa+vANyubuqfZWTveU//DYVGsDG7RKL/vEw==

saxes@^6.0.0:
  version "6.0.0"
  resolved "https://registry.yarnpkg.com/saxes/-/saxes-6.0.0.tgz#fe5b4a4768df4f14a201b1ba6a65c1f3d9988cc5"
  integrity sha512-xAg7SOnEhrm5zI3puOOKyy1OMcMlIJZYNJY7xLBwSze0UjhPLnWfj2GF2EpT0jmzaJKIWKHLsaSSajf35bcYnA==
  dependencies:
    xmlchars "^2.2.0"

source-map-js@^1.2.1:
  version "1.2.1"
  resolved "https://registry.yarnpkg.com/source-map-js/-/source-map-js-1.2.1.tgz#1ce5650fddd87abc099eda37dcff024c2667ae46"
  integrity sha512-UXWMKhLOwVKb728IUtQPXxfYU+usdybtUrK/8uGE8CQMvrhOpwvzDBwj0QhSL7MQc7vIsISBG8VQ8+IDQxpfQA==

symbol-tree@^3.2.4:
  version "3.2.4"
  resolved "https://registry.yarnpkg.com/symbol-tree/-/symbol-tree-3.2.4.tgz#430637d248ba77e078883951fb9aa0eed7c63fa2"
  integrity sha512-9QNk5KwDF+Bvz+PyObkmSYjI5ksVUYtjW7AU22r2NKcfLJcXp96hkDWU3+XndOsUb+AQ9QhfzfCT2O+CNWT5Tw==

tldts-core@^7.0.30:
  version "7.0.30"
  resolved "https://registry.yarnpkg.com/tldts-core/-/tldts-core-7.0.30.tgz#c495dba27778f2220bea94f3f6399005c7aca61c"
  integrity sha512-uiHN8PIB1VmWyS98eZYja4xzlYqeFZVjb4OuYlJQnZAuJhMw4PbKQOKgHKhBdJR3FE/t5mUQ1Kd80++B+qhD1Q==

tldts@^7.0.5:
  version "7.0.30"
  resolved "https://registry.yarnpkg.com/tldts/-/tldts-7.0.30.tgz#497cea8d610953222f9dcb3ceb07c7207efcd816"
  integrity sha512-ELrFxuqsDdHUwoh0XxDbxuLD3Wnz49Z57IFvTtvWy1hJdcMZjXLIuonjilCiWHlT2GbE4Wlv1wKVTzDFnXH1aw==
  dependencies:
    tldts-core "^7.0.30"

tough-cookie@^6.0.0:
  version "6.0.1"
  resolved "https://registry.yarnpkg.com/tough-cookie/-/tough-cookie-6.0.1.tgz#a495f833836609ed983c19bc65639cfbceb54c76"
  integrity sha512-LktZQb3IeoUWB9lqR5EWTHgW/VTITCXg4D21M+lvybRVdylLrRMnqaIONLVb5mav8vM19m44HIcGq4qASeu2Qw==
  dependencies:
    tldts "^7.0.5"

tr46@^6.0.0:
  version "6.0.0"
  resolved "https://registry.yarnpkg.com/tr46/-/tr46-6.0.0.tgz#f5a1ae546a0adb32a277a2278d0d17fa2f9093e6"
  integrity sha512-bLVMLPtstlZ4iMQHpFHTR7GAGj2jxi8Dg0s2h2MafAE4uSWF98FC/3MomU51iQAMf8/qDUbKWf5GxuvvVcXEhw==
  dependencies:
    punycode "^2.3.1"

typescript@^5.1.6:
  version "5.9.3"
  resolved "https://registry.yarnpkg.com/typescript/-/typescript-5.9.3.tgz#5b4f59e15310ab17a216f5d6cf53ee476ede670f"
  integrity sha512-jl1vZzPDinLr9eUt3J/t7V6FgNEw9QjvBPdysz9KfQDD41fQrC2Y4vKQdiaUpFT4bXlb1RHhLpp8wtm6M5TgSw==

ufo@^1.6.1:
  version "1.6.4"
  resolved "https://registry.yarnpkg.com/ufo/-/ufo-1.6.4.tgz#7a8fb875fcc6382d2c7d0b3692738b0500a92467"
  integrity sha512-JFNbkD1Svwe0KvGi8GOeLcP4kAWQ609twvCdcHxq1oSL8svv39ZuSvajcD8B+5D0eL4+s1Is2D/O6KN3qcTeRA==

undici-types@~6.21.0:
  version "6.21.0"
  resolved "https://registry.yarnpkg.com/undici-types/-/undici-types-6.21.0.tgz#691d00af3909be93a7faa13be61b3a5b50ef12cb"
  integrity sha512-iwDZqg0QAGrg9Rav5H4n0M64c3mkR59cJ6wQp+7C4nI0gsmExaedaYLNO44eT4AtBBwjbTiGPMlt2Md0T9H9JQ==

undici-types@~7.19.0:
  version "7.19.2"
  resolved "https://registry.yarnpkg.com/undici-types/-/undici-types-7.19.2.tgz#1b67fc26d0f157a0cba3a58a5b5c1e2276b8ba2a"
  integrity sha512-qYVnV5OEm2AW8cJMCpdV20CDyaN3g0AjDlOGf1OW4iaDEx8MwdtChUp4zu4H0VP3nDRF/8RKWH+IPp9uW0YGZg==

undici@^7.16.0:
  version "7.25.0"
  resolved "https://registry.yarnpkg.com/undici/-/undici-7.25.0.tgz#7d72fc429a0421769ca2966fd07cac875c85b781"
  integrity sha512-xXnp4kTyor2Zq+J1FfPI6Eq3ew5h6Vl0F/8d9XU5zZQf1tX9s2Su1/3PiMmUANFULpmksxkClamIZcaUqryHsQ==

w3c-xmlserializer@^5.0.0:
  version "5.0.0"
  resolved "https://registry.yarnpkg.com/w3c-xmlserializer/-/w3c-xmlserializer-5.0.0.tgz#f925ba26855158594d907313cedd1476c5967f6c"
  integrity sha512-o8qghlI8NZHU1lLPrpi2+Uq7abh4GGPpYANlalzWxyWteJOCsr/P+oPBA49TOLu5FTZO4d3F9MnWJfiMo4BkmA==
  dependencies:
    xml-name-validator "^5.0.0"

webidl-conversions@^8.0.0:
  version "8.0.1"
  resolved "https://registry.yarnpkg.com/webidl-conversions/-/webidl-conversions-8.0.1.tgz#0657e571fe6f06fcb15ca50ed1fdbcb495cd1686"
  integrity sha512-BMhLD/Sw+GbJC21C/UgyaZX41nPt8bUTg+jWyDeg7e7YN4xOM05YPSIXceACnXVtqyEw/LMClUQMtMZ+PGGpqQ==

whatwg-mimetype@^4.0.0:
  version "4.0.0"
  resolved "https://registry.yarnpkg.com/whatwg-mimetype/-/whatwg-mimetype-4.0.0.tgz#bc1bf94a985dc50388d54a9258ac405c3ca2fc0a"
  integrity sha512-QaKxh0eNIi2mE9p2vEdzfagOKHCcj1pJ56EEHGQOVxp8r9/iszLUUV7v89x9O1p/T+NlTM5W7jW6+cz4Fq1YVg==

whatwg-mimetype@^5.0.0:
  version "5.0.0"
  resolved "https://registry.yarnpkg.com/whatwg-mimetype/-/whatwg-mimetype-5.0.0.tgz#d8232895dbd527ceaee74efd4162008fb8a8cf48"
  integrity sha512-sXcNcHOC51uPGF0P/D4NVtrkjSU2fNsm9iog4ZvZJsL3rjoDAzXZhkm2MWt1y+PUdggKAYVoMAIYcs78wJ51Cw==

whatwg-url@^15.1.0:
  version "15.1.0"
  resolved "https://registry.yarnpkg.com/whatwg-url/-/whatwg-url-15.1.0.tgz#5c433439b9a5789eeb3806bbd0da89a8bd40b8d7"
  integrity sha512-2ytDk0kiEj/yu90JOAp44PVPUkO9+jVhyf+SybKlRHSDlvOOZhdPIrr7xTH64l4WixO2cP+wQIcgujkGBPPz6g==
  dependencies:
    tr46 "^6.0.0"
    webidl-conversions "^8.0.0"

ws@^8.18.3:
  version "8.20.0"
  resolved "https://registry.yarnpkg.com/ws/-/ws-8.20.0.tgz#4cd9532358eba60bc863aad1623dfb045a4d4af8"
  integrity sha512-sAt8BhgNbzCtgGbt2OxmpuryO63ZoDk/sqaB/znQm94T4fCEsy/yV+7CdC1kJhOU9lboAEU7R3kquuycDoibVA==

xml-name-validator@^5.0.0:
  version "5.0.0"
  resolved "https://registry.yarnpkg.com/xml-name-validator/-/xml-name-validator-5.0.0.tgz#82be9b957f7afdacf961e5980f1bf227c0bf7673"
  integrity sha512-EvGK8EJ3DhaHfbRlETOWAS5pO9MZITeauHKJyb8wyajUfQUenkIg2MvLDTZ4T/TgIcm3HU0TFBgWWboAZ30UHg==

xmlchars@^2.2.0:
  version "2.2.0"
  resolved "https://registry.yarnpkg.com/xmlchars/-/xmlchars-2.2.0.tgz#060fe1bcb7f9c76fe2a17db86a9bc3ab894210cb"
  integrity sha512-JZnDKK8B0RCDw84FNdDAIpZK+JuJw+s7Lz8nksI7SIuU3UXJJslUthsi+uWBUYOwPFwW7W7PRLRfUKpxjtjFCw==
